// !$*UTF8*$!
{
	archiveVersion = 1;
	classes = {
	};
	objectVersion = 50;
	objects = {

/* Begin PBXBuildFile section */
		EE4208C72084931700B7EC17 /* PhotoCell.swift in Sources */ = {isa = PBXBuildFile; fileRef = EE4208C62084931700B7EC17 /* PhotoCell.swift */; };
		EE4208C9208494DF00B7EC17 /* Reusable.swift in Sources */ = {isa = PBXBuildFile; fileRef = EE4208C8208494DF00B7EC17 /* Reusable.swift */; };
		EE4208CB20849FA000B7EC17 /* Photos.swift in Sources */ = {isa = PBXBuildFile; fileRef = EE4208CA20849FA000B7EC17 /* Photos.swift */; };
		EE4208D02085872600B7EC17 /* UIColor+Extension.swift in Sources */ = {isa = PBXBuildFile; fileRef = EE4208CF2085872600B7EC17 /* UIColor+Extension.swift */; };
		EE4208D52085EBEF00B7EC17 /* PhotoService.swift in Sources */ = {isa = PBXBuildFile; fileRef = EE4208D42085EBEF00B7EC17 /* PhotoService.swift */; };
		EE4208D72085EC1100B7EC17 /* ClassIterator.swift in Sources */ = {isa = PBXBuildFile; fileRef = EE4208D62085EC1100B7EC17 /* ClassIterator.swift */; };
		EE4208D92085EC3A00B7EC17 /* UpdateCollectionViewDelegate.swift in Sources */ = {isa = PBXBuildFile; fileRef = EE4208D82085EC3A00B7EC17 /* UpdateCollectionViewDelegate.swift */; };
		EED1C406207F31AD002C2C7B /* AppDelegate.swift in Sources */ = {isa = PBXBuildFile; fileRef = EED1C405207F31AD002C2C7B /* AppDelegate.swift */; };
		EED1C408207F31AD002C2C7B /* ViewController.swift in Sources */ = {isa = PBXBuildFile; fileRef = EED1C407207F31AD002C2C7B /* ViewController.swift */; };
		EED1C40B207F31AD002C2C7B /* Main.storyboard in Resources */ = {isa = PBXBuildFile; fileRef = EED1C409207F31AD002C2C7B /* Main.storyboard */; };
		EED1C40D207F31AF002C2C7B /* Assets.xcassets in Resources */ = {isa = PBXBuildFile; fileRef = EED1C40C207F31AF002C2C7B /* Assets.xcassets */; };
		EED1C410207F31AF002C2C7B /* LaunchScreen.storyboard in Resources */ = {isa = PBXBuildFile; fileRef = EED1C40E207F31AF002C2C7B /* LaunchScreen.storyboard */; };
/* End PBXBuildFile section */

/* Begin PBXFileReference section */
		EE4208C62084931700B7EC17 /* PhotoCell.swift */ = {isa = PBXFileReference; lastKnownFileType = sourcecode.swift; path = PhotoCell.swift; sourceTree = "<group>"; };
		EE4208C8208494DF00B7EC17 /* Reusable.swift */ = {isa = PBXFileReference; lastKnownFileType = sourcecode.swift; path = Reusable.swift; sourceTree = "<group>"; };
		EE4208CA20849FA000B7EC17 /* Photos.swift */ = {isa = PBXFileReference; lastKnownFileType = sourcecode.swift; path = Photos.swift; sourceTree = "<group>"; };
		EE4208CF2085872600B7EC17 /* UIColor+Extension.swift */ = {isa = PBXFileReference; lastKnownFileType = sourcecode.swift; path = "UIColor+Extension.swift"; sourceTree = "<group>"; };
		EE4208D42085EBEF00B7EC17 /* PhotoService.swift */ = {isa = PBXFileReference; lastKnownFileType = sourcecode.swift; path = PhotoService.swift; sourceTree = "<group>"; };
		EE4208D62085EC1100B7EC17 /* ClassIterator.swift */ = {isa = PBXFileReference; lastKnownFileType = sourcecode.swift; path = ClassIterator.swift; sourceTree = "<group>"; };
		EE4208D82085EC3A00B7EC17 /* UpdateCollectionViewDelegate.swift */ = {isa = PBXFileReference; lastKnownFileType = sourcecode.swift; path = UpdateCollectionViewDelegate.swift; sourceTree = "<group>"; };
		EED1C402207F31AD002C2C7B /* PhotoApp.app */ = {isa = PBXFileReference; explicitFileType = wrapper.application; includeInIndex = 0; path = PhotoApp.app; sourceTree = BUILT_PRODUCTS_DIR; };
		EED1C405207F31AD002C2C7B /* AppDelegate.swift */ = {isa = PBXFileReference; lastKnownFileType = sourcecode.swift; path = AppDelegate.swift; sourceTree = "<group>"; };
		EED1C407207F31AD002C2C7B /* ViewController.swift */ = {isa = PBXFileReference; lastKnownFileType = sourcecode.swift; path = ViewController.swift; sourceTree = "<group>"; };
		EED1C40A207F31AD002C2C7B /* Base */ = {isa = PBXFileReference; lastKnownFileType = file.storyboard; name = Base; path = Base.lproj/Main.storyboard; sourceTree = "<group>"; };
		EED1C40C207F31AF002C2C7B /* Assets.xcassets */ = {isa = PBXFileReference; lastKnownFileType = folder.assetcatalog; path = Assets.xcassets; sourceTree = "<group>"; };
		EED1C40F207F31AF002C2C7B /* Base */ = {isa = PBXFileReference; lastKnownFileType = file.storyboard; name = Base; path = Base.lproj/LaunchScreen.storyboard; sourceTree = "<group>"; };
		EED1C411207F31AF002C2C7B /* Info.plist */ = {isa = PBXFileReference; lastKnownFileType = text.plist.xml; path = Info.plist; sourceTree = "<group>"; };
/* End PBXFileReference section */

/* Begin PBXFrameworksBuildPhase section */
		EED1C3FF207F31AD002C2C7B /* Frameworks */ = {
			isa = PBXFrameworksBuildPhase;
			buildActionMask = 2147483647;
			files = (
			);
			runOnlyForDeploymentPostprocessing = 0;
		};
/* End PBXFrameworksBuildPhase section */

/* Begin PBXGroup section */
		EE4208CC20849FAB00B7EC17 /* Model */ = {
			isa = PBXGroup;
			children = (
				EE4208DA2085EC5000B7EC17 /* Protocols */,
				EE4208CA20849FA000B7EC17 /* Photos.swift */,
				EE4208D42085EBEF00B7EC17 /* PhotoService.swift */,
			);
			path = Model;
			sourceTree = "<group>";
		};
		EE4208CD20849FB000B7EC17 /* View */ = {
			isa = PBXGroup;
			children = (
				EE4208C62084931700B7EC17 /* PhotoCell.swift */,
			);
			path = View;
			sourceTree = "<group>";
		};
		EE4208CE20849FB500B7EC17 /* Protocols */ = {
			isa = PBXGroup;
			children = (
				EE4208C8208494DF00B7EC17 /* Reusable.swift */,
			);
			path = Protocols;
			sourceTree = "<group>";
		};
		EE4208D12085873700B7EC17 /* Extensions */ = {
			isa = PBXGroup;
			children = (
				EE4208CF2085872600B7EC17 /* UIColor+Extension.swift */,
				EE4208D62085EC1100B7EC17 /* ClassIterator.swift */,
			);
			path = Extensions;
			sourceTree = "<group>";
		};
		EE4208DA2085EC5000B7EC17 /* Protocols */ = {
			isa = PBXGroup;
			children = (
				EE4208D82085EC3A00B7EC17 /* UpdateCollectionViewDelegate.swift */,
			);
			path = Protocols;
			sourceTree = "<group>";
		};
		EED1C3F9207F31AD002C2C7B = {
			isa = PBXGroup;
			children = (
				EED1C404207F31AD002C2C7B /* PhotoApp */,
				EED1C403207F31AD002C2C7B /* Products */,
			);
			sourceTree = "<group>";
		};
		EED1C403207F31AD002C2C7B /* Products */ = {
			isa = PBXGroup;
			children = (
				EED1C402207F31AD002C2C7B /* PhotoApp.app */,
			);
			name = Products;
			sourceTree = "<group>";
		};
		EED1C404207F31AD002C2C7B /* PhotoApp */ = {
			isa = PBXGroup;
			children = (
				EED1C405207F31AD002C2C7B /* AppDelegate.swift */,
				EED1C407207F31AD002C2C7B /* ViewController.swift */,
				EE4208CC20849FAB00B7EC17 /* Model */,
				EE4208CD20849FB000B7EC17 /* View */,
				EE4208CE20849FB500B7EC17 /* Protocols */,
				EE4208D12085873700B7EC17 /* Extensions */,
				EED1C409207F31AD002C2C7B /* Main.storyboard */,
				EED1C40C207F31AF002C2C7B /* Assets.xcassets */,
				EED1C40E207F31AF002C2C7B /* LaunchScreen.storyboard */,
				EED1C411207F31AF002C2C7B /* Info.plist */,
			);
			path = PhotoApp;
			sourceTree = "<group>";
		};
/* End PBXGroup section */

/* Begin PBXNativeTarget section */
		EED1C401207F31AD002C2C7B /* PhotoApp */ = {
			isa = PBXNativeTarget;
			buildConfigurationList = EED1C414207F31AF002C2C7B /* Build configuration list for PBXNativeTarget "PhotoApp" */;
			buildPhases = (
				EED1C3FE207F31AD002C2C7B /* Sources */,
				EED1C3FF207F31AD002C2C7B /* Frameworks */,
				EED1C400207F31AD002C2C7B /* Resources */,
			);
			buildRules = (
			);
			dependencies = (
			);
			name = PhotoApp;
			productName = PhotoApp;
			productReference = EED1C402207F31AD002C2C7B /* PhotoApp.app */;
			productType = "com.apple.product-type.application";
		};
/* End PBXNativeTarget section */

/* Begin PBXProject section */
		EED1C3FA207F31AD002C2C7B /* Project object */ = {
			isa = PBXProject;
			attributes = {
				LastSwiftUpdateCheck = 0930;
				LastUpgradeCheck = 0930;
				ORGANIZATIONNAME = "심 승민";
				TargetAttributes = {
					EED1C401207F31AD002C2C7B = {
						CreatedOnToolsVersion = 9.3;
					};
				};
			};
			buildConfigurationList = EED1C3FD207F31AD002C2C7B /* Build configuration list for PBXProject "PhotoApp" */;
			compatibilityVersion = "Xcode 9.3";
			developmentRegion = en;
			hasScannedForEncodings = 0;
			knownRegions = (
				en,
				Base,
			);
			mainGroup = EED1C3F9207F31AD002C2C7B;
			productRefGroup = EED1C403207F31AD002C2C7B /* Products */;
			projectDirPath = "";
			projectRoot = "";
			targets = (
				EED1C401207F31AD002C2C7B /* PhotoApp */,
			);
		};
/* End PBXProject section */

/* Begin PBXResourcesBuildPhase section */
		EED1C400207F31AD002C2C7B /* Resources */ = {
			isa = PBXResourcesBuildPhase;
			buildActionMask = 2147483647;
			files = (
				EED1C410207F31AF002C2C7B /* LaunchScreen.storyboard in Resources */,
				EED1C40D207F31AF002C2C7B /* Assets.xcassets in Resources */,
				EED1C40B207F31AD002C2C7B /* Main.storyboard in Resources */,
			);
			runOnlyForDeploymentPostprocessing = 0;
		};
/* End PBXResourcesBuildPhase section */

/* Begin PBXSourcesBuildPhase section */
		EED1C3FE207F31AD002C2C7B /* Sources */ = {
			isa = PBXSourcesBuildPhase;
			buildActionMask = 2147483647;
			files = (
				EE4208D92085EC3A00B7EC17 /* UpdateCollectionViewDelegate.swift in Sources */,
				EE4208C9208494DF00B7EC17 /* Reusable.swift in Sources */,
				EED1C408207F31AD002C2C7B /* ViewController.swift in Sources */,
				EED1C406207F31AD002C2C7B /* AppDelegate.swift in Sources */,
				EE4208D02085872600B7EC17 /* UIColor+Extension.swift in Sources */,
				EE4208CB20849FA000B7EC17 /* Photos.swift in Sources */,
				EE4208C72084931700B7EC17 /* PhotoCell.swift in Sources */,
				EE4208D72085EC1100B7EC17 /* ClassIterator.swift in Sources */,
				EE4208D52085EBEF00B7EC17 /* PhotoService.swift in Sources */,
			);
			runOnlyForDeploymentPostprocessing = 0;
		};
/* End PBXSourcesBuildPhase section */

/* Begin PBXVariantGroup section */
		EED1C409207F31AD002C2C7B /* Main.storyboard */ = {
			isa = PBXVariantGroup;
			children = (
				EED1C40A207F31AD002C2C7B /* Base */,
			);
			name = Main.storyboard;
			sourceTree = "<group>";
		};
		EED1C40E207F31AF002C2C7B /* LaunchScreen.storyboard */ = {
			isa = PBXVariantGroup;
			children = (
				EED1C40F207F31AF002C2C7B /* Base */,
			);
			name = LaunchScreen.storyboard;
			sourceTree = "<group>";
		};
/* End PBXVariantGroup section */

/* Begin XCBuildConfiguration section */
		EED1C412207F31AF002C2C7B /* Debug */ = {
			isa = XCBuildConfiguration;
			buildSettings = {
				ALWAYS_SEARCH_USER_PATHS = NO;
				CLANG_ANALYZER_NONNULL = YES;
				CLANG_ANALYZER_NUMBER_OBJECT_CONVERSION = YES_AGGRESSIVE;
				CLANG_CXX_LANGUAGE_STANDARD = "gnu++14";
				CLANG_CXX_LIBRARY = "libc++";
				CLANG_ENABLE_MODULES = YES;
				CLANG_ENABLE_OBJC_ARC = YES;
				CLANG_ENABLE_OBJC_WEAK = YES;
				CLANG_WARN_BLOCK_CAPTURE_AUTORELEASING = YES;
				CLANG_WARN_BOOL_CONVERSION = YES;
				CLANG_WARN_COMMA = YES;
				CLANG_WARN_CONSTANT_CONVERSION = YES;
				CLANG_WARN_DEPRECATED_OBJC_IMPLEMENTATIONS = YES;
				CLANG_WARN_DIRECT_OBJC_ISA_USAGE = YES_ERROR;
				CLANG_WARN_DOCUMENTATION_COMMENTS = YES;
				CLANG_WARN_EMPTY_BODY = YES;
				CLANG_WARN_ENUM_CONVERSION = YES;
				CLANG_WARN_INFINITE_RECURSION = YES;
				CLANG_WARN_INT_CONVERSION = YES;
				CLANG_WARN_NON_LITERAL_NULL_CONVERSION = YES;
				CLANG_WARN_OBJC_IMPLICIT_RETAIN_SELF = YES;
				CLANG_WARN_OBJC_LITERAL_CONVERSION = YES;
				CLANG_WARN_OBJC_ROOT_CLASS = YES_ERROR;
				CLANG_WARN_RANGE_LOOP_ANALYSIS = YES;
				CLANG_WARN_STRICT_PROTOTYPES = YES;
				CLANG_WARN_SUSPICIOUS_MOVE = YES;
				CLANG_WARN_UNGUARDED_AVAILABILITY = YES_AGGRESSIVE;
				CLANG_WARN_UNREACHABLE_CODE = YES;
				CLANG_WARN__DUPLICATE_METHOD_MATCH = YES;
				CODE_SIGN_IDENTITY = "iPhone Developer";
				COPY_PHASE_STRIP = NO;
				DEBUG_INFORMATION_FORMAT = dwarf;
				ENABLE_STRICT_OBJC_MSGSEND = YES;
				ENABLE_TESTABILITY = YES;
				GCC_C_LANGUAGE_STANDARD = gnu11;
				GCC_DYNAMIC_NO_PIC = NO;
				GCC_NO_COMMON_BLOCKS = YES;
				GCC_OPTIMIZATION_LEVEL = 0;
				GCC_PREPROCESSOR_DEFINITIONS = (
					"DEBUG=1",
					"$(inherited)",
				);
				GCC_WARN_64_TO_32_BIT_CONVERSION = YES;
				GCC_WARN_ABOUT_RETURN_TYPE = YES_ERROR;
				GCC_WARN_UNDECLARED_SELECTOR = YES;
				GCC_WARN_UNINITIALIZED_AUTOS = YES_AGGRESSIVE;
				GCC_WARN_UNUSED_FUNCTION = YES;
				GCC_WARN_UNUSED_VARIABLE = YES;
				IPHONEOS_DEPLOYMENT_TARGET = 11.3;
				MTL_ENABLE_DEBUG_INFO = YES;
				ONLY_ACTIVE_ARCH = YES;
				SDKROOT = iphoneos;
				SWIFT_ACTIVE_COMPILATION_CONDITIONS = DEBUG;
				SWIFT_OPTIMIZATION_LEVEL = "-Onone";
			};
			name = Debug;
		};
		EED1C413207F31AF002C2C7B /* Release */ = {
			isa = XCBuildConfiguration;
			buildSettings = {
				ALWAYS_SEARCH_USER_PATHS = NO;
				CLANG_ANALYZER_NONNULL = YES;
				CLANG_ANALYZER_NUMBER_OBJECT_CONVERSION = YES_AGGRESSIVE;
				CLANG_CXX_LANGUAGE_STANDARD = "gnu++14";
				CLANG_CXX_LIBRARY = "libc++";
				CLANG_ENABLE_MODULES = YES;
				CLANG_ENABLE_OBJC_ARC = YES;
				CLANG_ENABLE_OBJC_WEAK = YES;
				CLANG_WARN_BLOCK_CAPTURE_AUTORELEASING = YES;
				CLANG_WARN_BOOL_CONVERSION = YES;
				CLANG_WARN_COMMA = YES;
				CLANG_WARN_CONSTANT_CONVERSION = YES;
				CLANG_WARN_DEPRECATED_OBJC_IMPLEMENTATIONS = YES;
				CLANG_WARN_DIRECT_OBJC_ISA_USAGE = YES_ERROR;
				CLANG_WARN_DOCUMENTATION_COMMENTS = YES;
				CLANG_WARN_EMPTY_BODY = YES;
				CLANG_WARN_ENUM_CONVERSION = YES;
				CLANG_WARN_INFINITE_RECURSION = YES;
				CLANG_WARN_INT_CONVERSION = YES;
				CLANG_WARN_NON_LITERAL_NULL_CONVERSION = YES;
				CLANG_WARN_OBJC_IMPLICIT_RETAIN_SELF = YES;
				CLANG_WARN_OBJC_LITERAL_CONVERSION = YES;
				CLANG_WARN_OBJC_ROOT_CLASS = YES_ERROR;
				CLANG_WARN_RANGE_LOOP_ANALYSIS = YES;
				CLANG_WARN_STRICT_PROTOTYPES = YES;
				CLANG_WARN_SUSPICIOUS_MOVE = YES;
				CLANG_WARN_UNGUARDED_AVAILABILITY = YES_AGGRESSIVE;
				CLANG_WARN_UNREACHABLE_CODE = YES;
				CLANG_WARN__DUPLICATE_METHOD_MATCH = YES;
				CODE_SIGN_IDENTITY = "iPhone Developer";
				COPY_PHASE_STRIP = NO;
				DEBUG_INFORMATION_FORMAT = "dwarf-with-dsym";
				ENABLE_NS_ASSERTIONS = NO;
				ENABLE_STRICT_OBJC_MSGSEND = YES;
				GCC_C_LANGUAGE_STANDARD = gnu11;
				GCC_NO_COMMON_BLOCKS = YES;
				GCC_WARN_64_TO_32_BIT_CONVERSION = YES;
				GCC_WARN_ABOUT_RETURN_TYPE = YES_ERROR;
				GCC_WARN_UNDECLARED_SELECTOR = YES;
				GCC_WARN_UNINITIALIZED_AUTOS = YES_AGGRESSIVE;
				GCC_WARN_UNUSED_FUNCTION = YES;
				GCC_WARN_UNUSED_VARIABLE = YES;
				IPHONEOS_DEPLOYMENT_TARGET = 11.3;
				MTL_ENABLE_DEBUG_INFO = NO;
				SDKROOT = iphoneos;
				SWIFT_COMPILATION_MODE = wholemodule;
				SWIFT_OPTIMIZATION_LEVEL = "-O";
				VALIDATE_PRODUCT = YES;
			};
			name = Release;
		};
		EED1C415207F31AF002C2C7B /* Debug */ = {
			isa = XCBuildConfiguration;
			buildSettings = {
				ASSETCATALOG_COMPILER_APPICON_NAME = AppIcon;
				CODE_SIGN_STYLE = Automatic;
				DEVELOPMENT_TEAM = B3PWYBKFUK;
				INFOPLIST_FILE = PhotoApp/Info.plist;
				LD_RUNPATH_SEARCH_PATHS = (
					"$(inherited)",
					"@executable_path/Frameworks",
				);
				PRODUCT_BUNDLE_IDENTIFIER = undervineg.ios.school.PhotoApp;
				PRODUCT_NAME = "$(TARGET_NAME)";
				SWIFT_VERSION = 4.0;
				TARGETED_DEVICE_FAMILY = "1,2";
			};
			name = Debug;
		};
		EED1C416207F31AF002C2C7B /* Release */ = {
			isa = XCBuildConfiguration;
			buildSettings = {
				ASSETCATALOG_COMPILER_APPICON_NAME = AppIcon;
				CODE_SIGN_STYLE = Automatic;
				DEVELOPMENT_TEAM = B3PWYBKFUK;
				INFOPLIST_FILE = PhotoApp/Info.plist;
				LD_RUNPATH_SEARCH_PATHS = (
					"$(inherited)",
					"@executable_path/Frameworks",
				);
				PRODUCT_BUNDLE_IDENTIFIER = undervineg.ios.school.PhotoApp;
				PRODUCT_NAME = "$(TARGET_NAME)";
				SWIFT_VERSION = 4.0;
				TARGETED_DEVICE_FAMILY = "1,2";
			};
			name = Release;
		};
/* End XCBuildConfiguration section */

/* Begin XCConfigurationList section */
		EED1C3FD207F31AD002C2C7B /* Build configuration list for PBXProject "PhotoApp" */ = {
			isa = XCConfigurationList;
			buildConfigurations = (
				EED1C412207F31AF002C2C7B /* Debug */,
				EED1C413207F31AF002C2C7B /* Release */,
			);
			defaultConfigurationIsVisible = 0;
			defaultConfigurationName = Release;
		};
		EED1C414207F31AF002C2C7B /* Build configuration list for PBXNativeTarget "PhotoApp" */ = {
			isa = XCConfigurationList;
			buildConfigurations = (
				EED1C415207F31AF002C2C7B /* Debug */,
				EED1C416207F31AF002C2C7B /* Release */,
			);
			defaultConfigurationIsVisible = 0;
			defaultConfigurationName = Release;
		};
/* End XCConfigurationList section */
	};
	rootObject = EED1C3FA207F31AD002C2C7B /* Project object */;
}
